// !$*UTF8*$!
{
	archiveVersion = 1;
	classes = {
	};
	objectVersion = 46;
	objects = {

/* Begin PBXBuildFile section */
		4217ECFE184A03E4006CECDC /* Foundation.framework in Frameworks */ = {isa = PBXBuildFile; fileRef = 4217ECFD184A03E4006CECDC /* Foundation.framework */; };
		4217ED00184A03E4006CECDC /* CoreGraphics.framework in Frameworks */ = {isa = PBXBuildFile; fileRef = 4217ECFF184A03E4006CECDC /* CoreGraphics.framework */; };
		4217ED02184A03E4006CECDC /* UIKit.framework in Frameworks */ = {isa = PBXBuildFile; fileRef = 4217ED01184A03E4006CECDC /* UIKit.framework */; };
		4217ED08184A03E4006CECDC /* InfoPlist.strings in Resources */ = {isa = PBXBuildFile; fileRef = 4217ED06184A03E4006CECDC /* InfoPlist.strings */; };
		4217ED0A184A03E4006CECDC /* main.m in Sources */ = {isa = PBXBuildFile; fileRef = 4217ED09184A03E4006CECDC /* main.m */; };
		4217ED0E184A03E4006CECDC /* BLEAppDelegate.m in Sources */ = {isa = PBXBuildFile; fileRef = 4217ED0D184A03E4006CECDC /* BLEAppDelegate.m */; };
		4217ED10184A03E4006CECDC /* Images.xcassets in Resources */ = {isa = PBXBuildFile; fileRef = 4217ED0F184A03E4006CECDC /* Images.xcassets */; };
		4217ED17184A03E4006CECDC /* XCTest.framework in Frameworks */ = {isa = PBXBuildFile; fileRef = 4217ED16184A03E4006CECDC /* XCTest.framework */; };
		4217ED18184A03E4006CECDC /* Foundation.framework in Frameworks */ = {isa = PBXBuildFile; fileRef = 4217ECFD184A03E4006CECDC /* Foundation.framework */; };
		4217ED19184A03E4006CECDC /* UIKit.framework in Frameworks */ = {isa = PBXBuildFile; fileRef = 4217ED01184A03E4006CECDC /* UIKit.framework */; };
		4217ED21184A03E4006CECDC /* InfoPlist.strings in Resources */ = {isa = PBXBuildFile; fileRef = 4217ED1F184A03E4006CECDC /* InfoPlist.strings */; };
		4217ED23184A03E4006CECDC /* BLEGateKeeperTests.m in Sources */ = {isa = PBXBuildFile; fileRef = 4217ED22184A03E4006CECDC /* BLEGateKeeperTests.m */; };
		4217ED2D184A0AA8006CECDC /* MainStoryboard.storyboard in Resources */ = {isa = PBXBuildFile; fileRef = 4217ED2C184A0AA8006CECDC /* MainStoryboard.storyboard */; };
		4217ED30184A0EB7006CECDC /* BLEBaseViewController.m in Sources */ = {isa = PBXBuildFile; fileRef = 4217ED2F184A0EB7006CECDC /* BLEBaseViewController.m */; };
		4217ED36184A0EDE006CECDC /* BLEMainViewController.m in Sources */ = {isa = PBXBuildFile; fileRef = 4217ED35184A0EDE006CECDC /* BLEMainViewController.m */; };
		6D1E1EA0184A0B880033F80D /* libEstimoteSDK7.a in Frameworks */ = {isa = PBXBuildFile; fileRef = 6D1E1E9F184A0B880033F80D /* libEstimoteSDK7.a */; };
		77E2C9CD184A09D4002F07C6 /* AFHTTPRequestOperation.m in Sources */ = {isa = PBXBuildFile; fileRef = 77E2C9BB184A09D4002F07C6 /* AFHTTPRequestOperation.m */; };
		77E2C9CE184A09D4002F07C6 /* AFHTTPRequestOperationManager.m in Sources */ = {isa = PBXBuildFile; fileRef = 77E2C9BD184A09D4002F07C6 /* AFHTTPRequestOperationManager.m */; };
		77E2C9CF184A09D4002F07C6 /* AFHTTPSessionManager.m in Sources */ = {isa = PBXBuildFile; fileRef = 77E2C9BF184A09D4002F07C6 /* AFHTTPSessionManager.m */; };
		77E2C9D0184A09D4002F07C6 /* AFNetworkReachabilityManager.m in Sources */ = {isa = PBXBuildFile; fileRef = 77E2C9C2184A09D4002F07C6 /* AFNetworkReachabilityManager.m */; };
		77E2C9D1184A09D4002F07C6 /* AFSecurityPolicy.m in Sources */ = {isa = PBXBuildFile; fileRef = 77E2C9C4184A09D4002F07C6 /* AFSecurityPolicy.m */; };
		77E2C9D2184A09D4002F07C6 /* AFURLConnectionOperation.m in Sources */ = {isa = PBXBuildFile; fileRef = 77E2C9C6184A09D4002F07C6 /* AFURLConnectionOperation.m */; };
		77E2C9D3184A09D4002F07C6 /* AFURLRequestSerialization.m in Sources */ = {isa = PBXBuildFile; fileRef = 77E2C9C8184A09D4002F07C6 /* AFURLRequestSerialization.m */; };
		77E2C9D4184A09D4002F07C6 /* AFURLResponseSerialization.m in Sources */ = {isa = PBXBuildFile; fileRef = 77E2C9CA184A09D4002F07C6 /* AFURLResponseSerialization.m */; };
		77E2C9D5184A09D4002F07C6 /* AFURLSessionManager.m in Sources */ = {isa = PBXBuildFile; fileRef = 77E2C9CC184A09D4002F07C6 /* AFURLSessionManager.m */; };
/* End PBXBuildFile section */

/* Begin PBXContainerItemProxy section */
		4217ED1A184A03E4006CECDC /* PBXContainerItemProxy */ = {
			isa = PBXContainerItemProxy;
			containerPortal = 4217ECF2184A03E4006CECDC /* Project object */;
			proxyType = 1;
			remoteGlobalIDString = 4217ECF9184A03E4006CECDC;
			remoteInfo = BLEGateKeeper;
		};
/* End PBXContainerItemProxy section */

/* Begin PBXFileReference section */
		4217ECFA184A03E4006CECDC /* BLEGateKeeper.app */ = {isa = PBXFileReference; explicitFileType = wrapper.application; includeInIndex = 0; path = BLEGateKeeper.app; sourceTree = BUILT_PRODUCTS_DIR; };
		4217ECFD184A03E4006CECDC /* Foundation.framework */ = {isa = PBXFileReference; lastKnownFileType = wrapper.framework; name = Foundation.framework; path = System/Library/Frameworks/Foundation.framework; sourceTree = SDKROOT; };
		4217ECFF184A03E4006CECDC /* CoreGraphics.framework */ = {isa = PBXFileReference; lastKnownFileType = wrapper.framework; name = CoreGraphics.framework; path = System/Library/Frameworks/CoreGraphics.framework; sourceTree = SDKROOT; };
		4217ED01184A03E4006CECDC /* UIKit.framework */ = {isa = PBXFileReference; lastKnownFileType = wrapper.framework; name = UIKit.framework; path = System/Library/Frameworks/UIKit.framework; sourceTree = SDKROOT; };
		4217ED05184A03E4006CECDC /* BLEGateKeeper-Info.plist */ = {isa = PBXFileReference; lastKnownFileType = text.plist.xml; path = "BLEGateKeeper-Info.plist"; sourceTree = "<group>"; };
		4217ED07184A03E4006CECDC /* en */ = {isa = PBXFileReference; lastKnownFileType = text.plist.strings; name = en; path = en.lproj/InfoPlist.strings; sourceTree = "<group>"; };
		4217ED09184A03E4006CECDC /* main.m */ = {isa = PBXFileReference; lastKnownFileType = sourcecode.c.objc; path = main.m; sourceTree = "<group>"; };
		4217ED0B184A03E4006CECDC /* BLEGateKeeper-Prefix.pch */ = {isa = PBXFileReference; lastKnownFileType = sourcecode.c.h; path = "BLEGateKeeper-Prefix.pch"; sourceTree = "<group>"; };
		4217ED0C184A03E4006CECDC /* BLEAppDelegate.h */ = {isa = PBXFileReference; lastKnownFileType = sourcecode.c.h; path = BLEAppDelegate.h; sourceTree = "<group>"; };
		4217ED0D184A03E4006CECDC /* BLEAppDelegate.m */ = {isa = PBXFileReference; lastKnownFileType = sourcecode.c.objc; path = BLEAppDelegate.m; sourceTree = "<group>"; };
		4217ED0F184A03E4006CECDC /* Images.xcassets */ = {isa = PBXFileReference; lastKnownFileType = folder.assetcatalog; path = Images.xcassets; sourceTree = "<group>"; };
		4217ED15184A03E4006CECDC /* BLEGateKeeperTests.xctest */ = {isa = PBXFileReference; explicitFileType = wrapper.cfbundle; includeInIndex = 0; path = BLEGateKeeperTests.xctest; sourceTree = BUILT_PRODUCTS_DIR; };
		4217ED16184A03E4006CECDC /* XCTest.framework */ = {isa = PBXFileReference; lastKnownFileType = wrapper.framework; name = XCTest.framework; path = Library/Frameworks/XCTest.framework; sourceTree = DEVELOPER_DIR; };
		4217ED1E184A03E4006CECDC /* BLEGateKeeperTests-Info.plist */ = {isa = PBXFileReference; lastKnownFileType = text.plist.xml; path = "BLEGateKeeperTests-Info.plist"; sourceTree = "<group>"; };
		4217ED20184A03E4006CECDC /* en */ = {isa = PBXFileReference; lastKnownFileType = text.plist.strings; name = en; path = en.lproj/InfoPlist.strings; sourceTree = "<group>"; };
		4217ED22184A03E4006CECDC /* BLEGateKeeperTests.m */ = {isa = PBXFileReference; lastKnownFileType = sourcecode.c.objc; path = BLEGateKeeperTests.m; sourceTree = "<group>"; };
		4217ED2C184A0AA8006CECDC /* MainStoryboard.storyboard */ = {isa = PBXFileReference; fileEncoding = 4; lastKnownFileType = file.storyboard; path = MainStoryboard.storyboard; sourceTree = "<group>"; };
		4217ED2E184A0EB7006CECDC /* BLEBaseViewController.h */ = {isa = PBXFileReference; fileEncoding = 4; lastKnownFileType = sourcecode.c.h; path = BLEBaseViewController.h; sourceTree = "<group>"; };
		4217ED2F184A0EB7006CECDC /* BLEBaseViewController.m */ = {isa = PBXFileReference; fileEncoding = 4; lastKnownFileType = sourcecode.c.objc; path = BLEBaseViewController.m; sourceTree = "<group>"; };
		4217ED34184A0EDE006CECDC /* BLEMainViewController.h */ = {isa = PBXFileReference; fileEncoding = 4; lastKnownFileType = sourcecode.c.h; path = BLEMainViewController.h; sourceTree = "<group>"; };
		4217ED35184A0EDE006CECDC /* BLEMainViewController.m */ = {isa = PBXFileReference; fileEncoding = 4; lastKnownFileType = sourcecode.c.objc; path = BLEMainViewController.m; sourceTree = "<group>"; };
		6D1E1E9B184A0B880033F80D /* ESTBeacon.h */ = {isa = PBXFileReference; fileEncoding = 4; lastKnownFileType = sourcecode.c.h; path = ESTBeacon.h; sourceTree = "<group>"; };
		6D1E1E9C184A0B880033F80D /* ESTBeaconDefinitions.h */ = {isa = PBXFileReference; fileEncoding = 4; lastKnownFileType = sourcecode.c.h; path = ESTBeaconDefinitions.h; sourceTree = "<group>"; };
		6D1E1E9D184A0B880033F80D /* ESTBeaconManager.h */ = {isa = PBXFileReference; fileEncoding = 4; lastKnownFileType = sourcecode.c.h; path = ESTBeaconManager.h; sourceTree = "<group>"; };
		6D1E1E9E184A0B880033F80D /* ESTBeaconRegion.h */ = {isa = PBXFileReference; fileEncoding = 4; lastKnownFileType = sourcecode.c.h; path = ESTBeaconRegion.h; sourceTree = "<group>"; };
		6D1E1E9F184A0B880033F80D /* libEstimoteSDK7.a */ = {isa = PBXFileReference; lastKnownFileType = archive.ar; path = libEstimoteSDK7.a; sourceTree = "<group>"; };
		77E2C9BA184A09D4002F07C6 /* AFHTTPRequestOperation.h */ = {isa = PBXFileReference; fileEncoding = 4; lastKnownFileType = sourcecode.c.h; name = AFHTTPRequestOperation.h; path = AFNetworking/AFHTTPRequestOperation.h; sourceTree = "<group>"; };
		77E2C9BB184A09D4002F07C6 /* AFHTTPRequestOperation.m */ = {isa = PBXFileReference; fileEncoding = 4; lastKnownFileType = sourcecode.c.objc; name = AFHTTPRequestOperation.m; path = AFNetworking/AFHTTPRequestOperation.m; sourceTree = "<group>"; };
		77E2C9BC184A09D4002F07C6 /* AFHTTPRequestOperationManager.h */ = {isa = PBXFileReference; fileEncoding = 4; lastKnownFileType = sourcecode.c.h; name = AFHTTPRequestOperationManager.h; path = AFNetworking/AFHTTPRequestOperationManager.h; sourceTree = "<group>"; };
		77E2C9BD184A09D4002F07C6 /* AFHTTPRequestOperationManager.m */ = {isa = PBXFileReference; fileEncoding = 4; lastKnownFileType = sourcecode.c.objc; name = AFHTTPRequestOperationManager.m; path = AFNetworking/AFHTTPRequestOperationManager.m; sourceTree = "<group>"; };
		77E2C9BE184A09D4002F07C6 /* AFHTTPSessionManager.h */ = {isa = PBXFileReference; fileEncoding = 4; lastKnownFileType = sourcecode.c.h; name = AFHTTPSessionManager.h; path = AFNetworking/AFHTTPSessionManager.h; sourceTree = "<group>"; };
		77E2C9BF184A09D4002F07C6 /* AFHTTPSessionManager.m */ = {isa = PBXFileReference; fileEncoding = 4; lastKnownFileType = sourcecode.c.objc; name = AFHTTPSessionManager.m; path = AFNetworking/AFHTTPSessionManager.m; sourceTree = "<group>"; };
		77E2C9C0184A09D4002F07C6 /* AFNetworking.h */ = {isa = PBXFileReference; fileEncoding = 4; lastKnownFileType = sourcecode.c.h; name = AFNetworking.h; path = AFNetworking/AFNetworking.h; sourceTree = "<group>"; };
		77E2C9C1184A09D4002F07C6 /* AFNetworkReachabilityManager.h */ = {isa = PBXFileReference; fileEncoding = 4; lastKnownFileType = sourcecode.c.h; name = AFNetworkReachabilityManager.h; path = AFNetworking/AFNetworkReachabilityManager.h; sourceTree = "<group>"; };
		77E2C9C2184A09D4002F07C6 /* AFNetworkReachabilityManager.m */ = {isa = PBXFileReference; fileEncoding = 4; lastKnownFileType = sourcecode.c.objc; name = AFNetworkReachabilityManager.m; path = AFNetworking/AFNetworkReachabilityManager.m; sourceTree = "<group>"; };
		77E2C9C3184A09D4002F07C6 /* AFSecurityPolicy.h */ = {isa = PBXFileReference; fileEncoding = 4; lastKnownFileType = sourcecode.c.h; name = AFSecurityPolicy.h; path = AFNetworking/AFSecurityPolicy.h; sourceTree = "<group>"; };
		77E2C9C4184A09D4002F07C6 /* AFSecurityPolicy.m */ = {isa = PBXFileReference; fileEncoding = 4; lastKnownFileType = sourcecode.c.objc; name = AFSecurityPolicy.m; path = AFNetworking/AFSecurityPolicy.m; sourceTree = "<group>"; };
		77E2C9C5184A09D4002F07C6 /* AFURLConnectionOperation.h */ = {isa = PBXFileReference; fileEncoding = 4; lastKnownFileType = sourcecode.c.h; name = AFURLConnectionOperation.h; path = AFNetworking/AFURLConnectionOperation.h; sourceTree = "<group>"; };
		77E2C9C6184A09D4002F07C6 /* AFURLConnectionOperation.m */ = {isa = PBXFileReference; fileEncoding = 4; lastKnownFileType = sourcecode.c.objc; name = AFURLConnectionOperation.m; path = AFNetworking/AFURLConnectionOperation.m; sourceTree = "<group>"; };
		77E2C9C7184A09D4002F07C6 /* AFURLRequestSerialization.h */ = {isa = PBXFileReference; fileEncoding = 4; lastKnownFileType = sourcecode.c.h; name = AFURLRequestSerialization.h; path = AFNetworking/AFURLRequestSerialization.h; sourceTree = "<group>"; };
		77E2C9C8184A09D4002F07C6 /* AFURLRequestSerialization.m */ = {isa = PBXFileReference; fileEncoding = 4; lastKnownFileType = sourcecode.c.objc; name = AFURLRequestSerialization.m; path = AFNetworking/AFURLRequestSerialization.m; sourceTree = "<group>"; };
		77E2C9C9184A09D4002F07C6 /* AFURLResponseSerialization.h */ = {isa = PBXFileReference; fileEncoding = 4; lastKnownFileType = sourcecode.c.h; name = AFURLResponseSerialization.h; path = AFNetworking/AFURLResponseSerialization.h; sourceTree = "<group>"; };
		77E2C9CA184A09D4002F07C6 /* AFURLResponseSerialization.m */ = {isa = PBXFileReference; fileEncoding = 4; lastKnownFileType = sourcecode.c.objc; name = AFURLResponseSerialization.m; path = AFNetworking/AFURLResponseSerialization.m; sourceTree = "<group>"; };
		77E2C9CB184A09D4002F07C6 /* AFURLSessionManager.h */ = {isa = PBXFileReference; fileEncoding = 4; lastKnownFileType = sourcecode.c.h; name = AFURLSessionManager.h; path = AFNetworking/AFURLSessionManager.h; sourceTree = "<group>"; };
		77E2C9CC184A09D4002F07C6 /* AFURLSessionManager.m */ = {isa = PBXFileReference; fileEncoding = 4; lastKnownFileType = sourcecode.c.objc; name = AFURLSessionManager.m; path = AFNetworking/AFURLSessionManager.m; sourceTree = "<group>"; };
/* End PBXFileReference section */

/* Begin PBXFrameworksBuildPhase section */
		4217ECF7184A03E4006CECDC /* Frameworks */ = {
			isa = PBXFrameworksBuildPhase;
			buildActionMask = 2147483647;
			files = (
				4217ED00184A03E4006CECDC /* CoreGraphics.framework in Frameworks */,
				4217ED02184A03E4006CECDC /* UIKit.framework in Frameworks */,
				6D1E1EA0184A0B880033F80D /* libEstimoteSDK7.a in Frameworks */,
				4217ECFE184A03E4006CECDC /* Foundation.framework in Frameworks */,
			);
			runOnlyForDeploymentPostprocessing = 0;
		};
		4217ED12184A03E4006CECDC /* Frameworks */ = {
			isa = PBXFrameworksBuildPhase;
			buildActionMask = 2147483647;
			files = (
				4217ED17184A03E4006CECDC /* XCTest.framework in Frameworks */,
				4217ED19184A03E4006CECDC /* UIKit.framework in Frameworks */,
				4217ED18184A03E4006CECDC /* Foundation.framework in Frameworks */,
			);
			runOnlyForDeploymentPostprocessing = 0;
		};
/* End PBXFrameworksBuildPhase section */

/* Begin PBXGroup section */
		4217ECF1184A03E3006CECDC = {
			isa = PBXGroup;
			children = (
				6D1E1E99184A0B880033F80D /* EstimoteSDK */,
				77E2C9B9184A09B5002F07C6 /* AFNetworking */,
				4217ED03184A03E4006CECDC /* BLEGateKeeper */,
				4217ED1C184A03E4006CECDC /* BLEGateKeeperTests */,
				4217ECFC184A03E4006CECDC /* Frameworks */,
				4217ECFB184A03E4006CECDC /* Products */,
			);
			sourceTree = "<group>";
		};
		4217ECFB184A03E4006CECDC /* Products */ = {
			isa = PBXGroup;
			children = (
				4217ECFA184A03E4006CECDC /* BLEGateKeeper.app */,
				4217ED15184A03E4006CECDC /* BLEGateKeeperTests.xctest */,
			);
			name = Products;
			sourceTree = "<group>";
		};
		4217ECFC184A03E4006CECDC /* Frameworks */ = {
			isa = PBXGroup;
			children = (
				4217ECFD184A03E4006CECDC /* Foundation.framework */,
				4217ECFF184A03E4006CECDC /* CoreGraphics.framework */,
				4217ED01184A03E4006CECDC /* UIKit.framework */,
				4217ED16184A03E4006CECDC /* XCTest.framework */,
			);
			name = Frameworks;
			sourceTree = "<group>";
		};
		4217ED03184A03E4006CECDC /* BLEGateKeeper */ = {
			isa = PBXGroup;
			children = (
				4217ED0C184A03E4006CECDC /* BLEAppDelegate.h */,
				4217ED0D184A03E4006CECDC /* BLEAppDelegate.m */,
				4217ED0F184A03E4006CECDC /* Images.xcassets */,
				4217ED04184A03E4006CECDC /* Supporting Files */,
				4217ED31184A0EBF006CECDC /* Controllers */,
			);
			path = BLEGateKeeper;
			sourceTree = "<group>";
		};
		4217ED04184A03E4006CECDC /* Supporting Files */ = {
			isa = PBXGroup;
			children = (
				4217ED05184A03E4006CECDC /* BLEGateKeeper-Info.plist */,
				4217ED06184A03E4006CECDC /* InfoPlist.strings */,
				4217ED09184A03E4006CECDC /* main.m */,
				4217ED0B184A03E4006CECDC /* BLEGateKeeper-Prefix.pch */,
				4217ED2C184A0AA8006CECDC /* MainStoryboard.storyboard */,
			);
			name = "Supporting Files";
			sourceTree = "<group>";
		};
		4217ED1C184A03E4006CECDC /* BLEGateKeeperTests */ = {
			isa = PBXGroup;
			children = (
				4217ED22184A03E4006CECDC /* BLEGateKeeperTests.m */,
				4217ED1D184A03E4006CECDC /* Supporting Files */,
			);
			path = BLEGateKeeperTests;
			sourceTree = "<group>";
		};
		4217ED1D184A03E4006CECDC /* Supporting Files */ = {
			isa = PBXGroup;
			children = (
				4217ED1E184A03E4006CECDC /* BLEGateKeeperTests-Info.plist */,
				4217ED1F184A03E4006CECDC /* InfoPlist.strings */,
			);
			name = "Supporting Files";
			sourceTree = "<group>";
		};
		4217ED31184A0EBF006CECDC /* Controllers */ = {
			isa = PBXGroup;
			children = (
				4217ED32184A0EC8006CECDC /* View Controllers */,
			);
			name = Controllers;
			sourceTree = "<group>";
		};
		4217ED32184A0EC8006CECDC /* View Controllers */ = {
			isa = PBXGroup;
			children = (
				4217ED33184A0ED1006CECDC /* BLEBaseViewController */,
				4217ED37184A0EE2006CECDC /* BLEMainViewController */,
			);
			name = "View Controllers";
			sourceTree = "<group>";
		};
		4217ED33184A0ED1006CECDC /* BLEBaseViewController */ = {
			isa = PBXGroup;
			children = (
				4217ED2E184A0EB7006CECDC /* BLEBaseViewController.h */,
				4217ED2F184A0EB7006CECDC /* BLEBaseViewController.m */,
			);
			name = BLEBaseViewController;
			sourceTree = "<group>";
		};
		4217ED37184A0EE2006CECDC /* BLEMainViewController */ = {
			isa = PBXGroup;
			children = (
				4217ED34184A0EDE006CECDC /* BLEMainViewController.h */,
				4217ED35184A0EDE006CECDC /* BLEMainViewController.m */,
			);
			name = BLEMainViewController;
			sourceTree = "<group>";
		};
		6D1E1E99184A0B880033F80D /* EstimoteSDK */ = {
			isa = PBXGroup;
			children = (
				6D1E1E9A184A0B880033F80D /* Headers */,
				6D1E1E9F184A0B880033F80D /* libEstimoteSDK7.a */,
			);
			path = EstimoteSDK;
			sourceTree = "<group>";
		};
		6D1E1E9A184A0B880033F80D /* Headers */ = {
			isa = PBXGroup;
			children = (
				6D1E1E9B184A0B880033F80D /* ESTBeacon.h */,
				6D1E1E9C184A0B880033F80D /* ESTBeaconDefinitions.h */,
				6D1E1E9D184A0B880033F80D /* ESTBeaconManager.h */,
				6D1E1E9E184A0B880033F80D /* ESTBeaconRegion.h */,
			);
			path = Headers;
			sourceTree = "<group>";
		};
		77E2C9B9184A09B5002F07C6 /* AFNetworking */ = {
			isa = PBXGroup;
			children = (
				77E2C9BA184A09D4002F07C6 /* AFHTTPRequestOperation.h */,
				77E2C9BB184A09D4002F07C6 /* AFHTTPRequestOperation.m */,
				77E2C9BC184A09D4002F07C6 /* AFHTTPRequestOperationManager.h */,
				77E2C9BD184A09D4002F07C6 /* AFHTTPRequestOperationManager.m */,
				77E2C9BE184A09D4002F07C6 /* AFHTTPSessionManager.h */,
				77E2C9BF184A09D4002F07C6 /* AFHTTPSessionManager.m */,
				77E2C9C0184A09D4002F07C6 /* AFNetworking.h */,
				77E2C9C1184A09D4002F07C6 /* AFNetworkReachabilityManager.h */,
				77E2C9C2184A09D4002F07C6 /* AFNetworkReachabilityManager.m */,
				77E2C9C3184A09D4002F07C6 /* AFSecurityPolicy.h */,
				77E2C9C4184A09D4002F07C6 /* AFSecurityPolicy.m */,
				77E2C9C5184A09D4002F07C6 /* AFURLConnectionOperation.h */,
				77E2C9C6184A09D4002F07C6 /* AFURLConnectionOperation.m */,
				77E2C9C7184A09D4002F07C6 /* AFURLRequestSerialization.h */,
				77E2C9C8184A09D4002F07C6 /* AFURLRequestSerialization.m */,
				77E2C9C9184A09D4002F07C6 /* AFURLResponseSerialization.h */,
				77E2C9CA184A09D4002F07C6 /* AFURLResponseSerialization.m */,
				77E2C9CB184A09D4002F07C6 /* AFURLSessionManager.h */,
				77E2C9CC184A09D4002F07C6 /* AFURLSessionManager.m */,
			);
			name = AFNetworking;
			sourceTree = "<group>";
		};
/* End PBXGroup section */

/* Begin PBXNativeTarget section */
		4217ECF9184A03E4006CECDC /* BLEGateKeeper */ = {
			isa = PBXNativeTarget;
			buildConfigurationList = 4217ED26184A03E4006CECDC /* Build configuration list for PBXNativeTarget "BLEGateKeeper" */;
			buildPhases = (
				4217ECF6184A03E4006CECDC /* Sources */,
				4217ECF7184A03E4006CECDC /* Frameworks */,
				4217ECF8184A03E4006CECDC /* Resources */,
			);
			buildRules = (
			);
			dependencies = (
			);
			name = BLEGateKeeper;
			productName = BLEGateKeeper;
			productReference = 4217ECFA184A03E4006CECDC /* BLEGateKeeper.app */;
			productType = "com.apple.product-type.application";
		};
		4217ED14184A03E4006CECDC /* BLEGateKeeperTests */ = {
			isa = PBXNativeTarget;
			buildConfigurationList = 4217ED29184A03E4006CECDC /* Build configuration list for PBXNativeTarget "BLEGateKeeperTests" */;
			buildPhases = (
				4217ED11184A03E4006CECDC /* Sources */,
				4217ED12184A03E4006CECDC /* Frameworks */,
				4217ED13184A03E4006CECDC /* Resources */,
			);
			buildRules = (
			);
			dependencies = (
				4217ED1B184A03E4006CECDC /* PBXTargetDependency */,
			);
			name = BLEGateKeeperTests;
			productName = BLEGateKeeperTests;
			productReference = 4217ED15184A03E4006CECDC /* BLEGateKeeperTests.xctest */;
			productType = "com.apple.product-type.bundle.unit-test";
		};
/* End PBXNativeTarget section */

/* Begin PBXProject section */
		4217ECF2184A03E4006CECDC /* Project object */ = {
			isa = PBXProject;
			attributes = {
				CLASSPREFIX = BLE;
				LastUpgradeCheck = 0500;
				ORGANIZATIONNAME = Appvetica;
				TargetAttributes = {
					4217ECF9184A03E4006CECDC = {
						SystemCapabilities = {
							com.apple.BackgroundModes = {
								enabled = 1;
							};
						};
					};
					4217ED14184A03E4006CECDC = {
						TestTargetID = 4217ECF9184A03E4006CECDC;
					};
				};
			};
			buildConfigurationList = 4217ECF5184A03E4006CECDC /* Build configuration list for PBXProject "BLEGateKeeper" */;
			compatibilityVersion = "Xcode 3.2";
			developmentRegion = English;
			hasScannedForEncodings = 0;
			knownRegions = (
				en,
			);
			mainGroup = 4217ECF1184A03E3006CECDC;
			productRefGroup = 4217ECFB184A03E4006CECDC /* Products */;
			projectDirPath = "";
			projectRoot = "";
			targets = (
				4217ECF9184A03E4006CECDC /* BLEGateKeeper */,
				4217ED14184A03E4006CECDC /* BLEGateKeeperTests */,
			);
		};
/* End PBXProject section */

/* Begin PBXResourcesBuildPhase section */
		4217ECF8184A03E4006CECDC /* Resources */ = {
			isa = PBXResourcesBuildPhase;
			buildActionMask = 2147483647;
			files = (
				4217ED2D184A0AA8006CECDC /* MainStoryboard.storyboard in Resources */,
				4217ED08184A03E4006CECDC /* InfoPlist.strings in Resources */,
				4217ED10184A03E4006CECDC /* Images.xcassets in Resources */,
			);
			runOnlyForDeploymentPostprocessing = 0;
		};
		4217ED13184A03E4006CECDC /* Resources */ = {
			isa = PBXResourcesBuildPhase;
			buildActionMask = 2147483647;
			files = (
				4217ED21184A03E4006CECDC /* InfoPlist.strings in Resources */,
			);
			runOnlyForDeploymentPostprocessing = 0;
		};
/* End PBXResourcesBuildPhase section */

/* Begin PBXSourcesBuildPhase section */
		4217ECF6184A03E4006CECDC /* Sources */ = {
			isa = PBXSourcesBuildPhase;
			buildActionMask = 2147483647;
			files = (
				77E2C9D3184A09D4002F07C6 /* AFURLRequestSerialization.m in Sources */,
				77E2C9D2184A09D4002F07C6 /* AFURLConnectionOperation.m in Sources */,
				77E2C9D1184A09D4002F07C6 /* AFSecurityPolicy.m in Sources */,
				77E2C9CD184A09D4002F07C6 /* AFHTTPRequestOperation.m in Sources */,
				77E2C9D5184A09D4002F07C6 /* AFURLSessionManager.m in Sources */,
				77E2C9D4184A09D4002F07C6 /* AFURLResponseSerialization.m in Sources */,
				4217ED0E184A03E4006CECDC /* BLEAppDelegate.m in Sources */,
				4217ED30184A0EB7006CECDC /* BLEBaseViewController.m in Sources */,
				4217ED36184A0EDE006CECDC /* BLEMainViewController.m in Sources */,
				77E2C9CF184A09D4002F07C6 /* AFHTTPSessionManager.m in Sources */,
				77E2C9CE184A09D4002F07C6 /* AFHTTPRequestOperationManager.m in Sources */,
				77E2C9D0184A09D4002F07C6 /* AFNetworkReachabilityManager.m in Sources */,
				4217ED0A184A03E4006CECDC /* main.m in Sources */,
			);
			runOnlyForDeploymentPostprocessing = 0;
		};
		4217ED11184A03E4006CECDC /* Sources */ = {
			isa = PBXSourcesBuildPhase;
			buildActionMask = 2147483647;
			files = (
				4217ED23184A03E4006CECDC /* BLEGateKeeperTests.m in Sources */,
			);
			runOnlyForDeploymentPostprocessing = 0;
		};
/* End PBXSourcesBuildPhase section */

/* Begin PBXTargetDependency section */
		4217ED1B184A03E4006CECDC /* PBXTargetDependency */ = {
			isa = PBXTargetDependency;
			target = 4217ECF9184A03E4006CECDC /* BLEGateKeeper */;
			targetProxy = 4217ED1A184A03E4006CECDC /* PBXContainerItemProxy */;
		};
/* End PBXTargetDependency section */

/* Begin PBXVariantGroup section */
		4217ED06184A03E4006CECDC /* InfoPlist.strings */ = {
			isa = PBXVariantGroup;
			children = (
				4217ED07184A03E4006CECDC /* en */,
			);
			name = InfoPlist.strings;
			sourceTree = "<group>";
		};
		4217ED1F184A03E4006CECDC /* InfoPlist.strings */ = {
			isa = PBXVariantGroup;
			children = (
				4217ED20184A03E4006CECDC /* en */,
			);
			name = InfoPlist.strings;
			sourceTree = "<group>";
		};
/* End PBXVariantGroup section */

/* Begin XCBuildConfiguration section */
		4217ED24184A03E4006CECDC /* Debug */ = {
			isa = XCBuildConfiguration;
			buildSettings = {
				ALWAYS_SEARCH_USER_PATHS = NO;
				ARCHS = "$(ARCHS_STANDARD_INCLUDING_64_BIT)";
				CLANG_CXX_LANGUAGE_STANDARD = "gnu++0x";
				CLANG_CXX_LIBRARY = "libc++";
				CLANG_ENABLE_MODULES = YES;
				CLANG_ENABLE_OBJC_ARC = YES;
				CLANG_WARN_BOOL_CONVERSION = YES;
				CLANG_WARN_CONSTANT_CONVERSION = YES;
				CLANG_WARN_DIRECT_OBJC_ISA_USAGE = YES_ERROR;
				CLANG_WARN_EMPTY_BODY = YES;
				CLANG_WARN_ENUM_CONVERSION = YES;
				CLANG_WARN_INT_CONVERSION = YES;
				CLANG_WARN_OBJC_ROOT_CLASS = YES_ERROR;
				CLANG_WARN__DUPLICATE_METHOD_MATCH = YES;
				"CODE_SIGN_IDENTITY[sdk=iphoneos*]" = "iPhone Developer";
				COPY_PHASE_STRIP = NO;
				GCC_C_LANGUAGE_STANDARD = gnu99;
				GCC_DYNAMIC_NO_PIC = NO;
				GCC_OPTIMIZATION_LEVEL = 0;
				GCC_PREPROCESSOR_DEFINITIONS = (
					"DEBUG=1",
					"$(inherited)",
				);
				GCC_SYMBOLS_PRIVATE_EXTERN = NO;
				GCC_WARN_64_TO_32_BIT_CONVERSION = YES;
				GCC_WARN_ABOUT_RETURN_TYPE = YES_ERROR;
				GCC_WARN_UNDECLARED_SELECTOR = YES;
				GCC_WARN_UNINITIALIZED_AUTOS = YES;
				GCC_WARN_UNUSED_FUNCTION = YES;
				GCC_WARN_UNUSED_VARIABLE = YES;
				IPHONEOS_DEPLOYMENT_TARGET = 7.0;
				ONLY_ACTIVE_ARCH = YES;
				SDKROOT = iphoneos;
			};
			name = Debug;
		};
		4217ED25184A03E4006CECDC /* Release */ = {
			isa = XCBuildConfiguration;
			buildSettings = {
				ALWAYS_SEARCH_USER_PATHS = NO;
				ARCHS = "$(ARCHS_STANDARD_INCLUDING_64_BIT)";
				CLANG_CXX_LANGUAGE_STANDARD = "gnu++0x";
				CLANG_CXX_LIBRARY = "libc++";
				CLANG_ENABLE_MODULES = YES;
				CLANG_ENABLE_OBJC_ARC = YES;
				CLANG_WARN_BOOL_CONVERSION = YES;
				CLANG_WARN_CONSTANT_CONVERSION = YES;
				CLANG_WARN_DIRECT_OBJC_ISA_USAGE = YES_ERROR;
				CLANG_WARN_EMPTY_BODY = YES;
				CLANG_WARN_ENUM_CONVERSION = YES;
				CLANG_WARN_INT_CONVERSION = YES;
				CLANG_WARN_OBJC_ROOT_CLASS = YES_ERROR;
				CLANG_WARN__DUPLICATE_METHOD_MATCH = YES;
				"CODE_SIGN_IDENTITY[sdk=iphoneos*]" = "iPhone Developer";
				COPY_PHASE_STRIP = YES;
				ENABLE_NS_ASSERTIONS = NO;
				GCC_C_LANGUAGE_STANDARD = gnu99;
				GCC_WARN_64_TO_32_BIT_CONVERSION = YES;
				GCC_WARN_ABOUT_RETURN_TYPE = YES_ERROR;
				GCC_WARN_UNDECLARED_SELECTOR = YES;
				GCC_WARN_UNINITIALIZED_AUTOS = YES;
				GCC_WARN_UNUSED_FUNCTION = YES;
				GCC_WARN_UNUSED_VARIABLE = YES;
				IPHONEOS_DEPLOYMENT_TARGET = 7.0;
				SDKROOT = iphoneos;
				VALIDATE_PRODUCT = YES;
			};
			name = Release;
		};
		4217ED27184A03E4006CECDC /* Debug */ = {
			isa = XCBuildConfiguration;
			buildSettings = {
				ASSETCATALOG_COMPILER_APPICON_NAME = AppIcon;
				ASSETCATALOG_COMPILER_LAUNCHIMAGE_NAME = LaunchImage;
				GCC_PRECOMPILE_PREFIX_HEADER = YES;
				GCC_PREFIX_HEADER = "BLEGateKeeper/BLEGateKeeper-Prefix.pch";
				INFOPLIST_FILE = "BLEGateKeeper/BLEGateKeeper-Info.plist";
				LIBRARY_SEARCH_PATHS = (
					"$(inherited)",
					"$(SRCROOT)/**",
				);
				PRODUCT_NAME = "$(TARGET_NAME)";
				WRAPPER_EXTENSION = app;
			};
			name = Debug;
		};
		4217ED28184A03E4006CECDC /* Release */ = {
			isa = XCBuildConfiguration;
			buildSettings = {
				ASSETCATALOG_COMPILER_APPICON_NAME = AppIcon;
				ASSETCATALOG_COMPILER_LAUNCHIMAGE_NAME = LaunchImage;
				GCC_PRECOMPILE_PREFIX_HEADER = YES;
				GCC_PREFIX_HEADER = "BLEGateKeeper/BLEGateKeeper-Prefix.pch";
				INFOPLIST_FILE = "BLEGateKeeper/BLEGateKeeper-Info.plist";
				LIBRARY_SEARCH_PATHS = (
					"$(inherited)",
					"$(SRCROOT)/**",
				);
				PRODUCT_NAME = "$(TARGET_NAME)";
				WRAPPER_EXTENSION = app;
			};
			name = Release;
		};
		4217ED2A184A03E4006CECDC /* Debug */ = {
			isa = XCBuildConfiguration;
			buildSettings = {
				ARCHS = "$(ARCHS_STANDARD_INCLUDING_64_BIT)";
				BUNDLE_LOADER = "$(BUILT_PRODUCTS_DIR)/BLEGateKeeper.app/BLEGateKeeper";
				FRAMEWORK_SEARCH_PATHS = (
					"$(SDKROOT)/Developer/Library/Frameworks",
					"$(inherited)",
					"$(DEVELOPER_FRAMEWORKS_DIR)",
				);
				GCC_PRECOMPILE_PREFIX_HEADER = YES;
				GCC_PREFIX_HEADER = "BLEGateKeeper/BLEGateKeeper-Prefix.pch";
				GCC_PREPROCESSOR_DEFINITIONS = (
					"DEBUG=1",
					"$(inherited)",
				);
				INFOPLIST_FILE = "BLEGateKeeperTests/BLEGateKeeperTests-Info.plist";
				PRODUCT_NAME = "$(TARGET_NAME)";
				TEST_HOST = "$(BUNDLE_LOADER)";
				WRAPPER_EXTENSION = xctest;
			};
			name = Debug;
		};
		4217ED2B184A03E4006CECDC /* Release */ = {
			isa = XCBuildConfiguration;
			buildSettings = {
				ARCHS = "$(ARCHS_STANDARD_INCLUDING_64_BIT)";
				BUNDLE_LOADER = "$(BUILT_PRODUCTS_DIR)/BLEGateKeeper.app/BLEGateKeeper";
				FRAMEWORK_SEARCH_PATHS = (
					"$(SDKROOT)/Developer/Library/Frameworks",
					"$(inherited)",
					"$(DEVELOPER_FRAMEWORKS_DIR)",
				);
				GCC_PRECOMPILE_PREFIX_HEADER = YES;
				GCC_PREFIX_HEADER = "BLEGateKeeper/BLEGateKeeper-Prefix.pch";
				INFOPLIST_FILE = "BLEGateKeeperTests/BLEGateKeeperTests-Info.plist";
				PRODUCT_NAME = "$(TARGET_NAME)";
				TEST_HOST = "$(BUNDLE_LOADER)";
				WRAPPER_EXTENSION = xctest;
			};
			name = Release;
		};
/* End XCBuildConfiguration section */

/* Begin XCConfigurationList section */
		4217ECF5184A03E4006CECDC /* Build configuration list for PBXProject "BLEGateKeeper" */ = {
			isa = XCConfigurationList;
			buildConfigurations = (
				4217ED24184A03E4006CECDC /* Debug */,
				4217ED25184A03E4006CECDC /* Release */,
			);
			defaultConfigurationIsVisible = 0;
			defaultConfigurationName = Release;
		};
		4217ED26184A03E4006CECDC /* Build configuration list for PBXNativeTarget "BLEGateKeeper" */ = {
			isa = XCConfigurationList;
			buildConfigurations = (
				4217ED27184A03E4006CECDC /* Debug */,
				4217ED28184A03E4006CECDC /* Release */,
			);
			defaultConfigurationIsVisible = 0;
			defaultConfigurationName = Release;
		};
		4217ED29184A03E4006CECDC /* Build configuration list for PBXNativeTarget "BLEGateKeeperTests" */ = {
			isa = XCConfigurationList;
			buildConfigurations = (
				4217ED2A184A03E4006CECDC /* Debug */,
				4217ED2B184A03E4006CECDC /* Release */,
			);
			defaultConfigurationIsVisible = 0;
			defaultConfigurationName = Release;
		};
/* End XCConfigurationList section */
	};
	rootObject = 4217ECF2184A03E4006CECDC /* Project object */;
}
